
Microsoft Visual Studio Solution File, Format Version 12.00
# Visual Studio Version 17
VisualStudioVersion = 17.3.32901.215
MinimumVisualStudioVersion = 10.0.40219.1
Project("{9A19103F-16F7-4668-BE54-9A1E7A4F7556}") = "BookWorm", "BookWorm\BookWorm.csproj", "{FE6EDFDA-FEC8-4F06-A605-6618BF6A1117}"
EndProject
Project("{FAE04EC0-301F-11D3-BF4B-00C04F79EFBC}") = "BookWorm.Models", "BookWorm.Models\BookWorm.Models.csproj", "{A1BF215E-2190-4D3B-8A97-FFAC673D9434}"
EndProject
Project("{FAE04EC0-301F-11D3-BF4B-00C04F79EFBC}") = "BookWorm.DataAccess", "BookWorm.DataAccess\BookWorm.DataAccess.csproj", "{40BF29AB-2E83-42E5-A149-6BEAEE00451B}"
EndProject
Project("{FAE04EC0-301F-11D3-BF4B-00C04F79EFBC}") = "BookWorm.Utility", "BookWorm.Utility\BookWorm.Utility.csproj", "{20E53C20-9D5E-4EFA-8215-90625E466FB3}"
EndProject
Global
	GlobalSection(SolutionConfigurationPlatforms) = preSolution
		Debug|Any CPU = Debug|Any CPU
		Release|Any CPU = Release|Any CPU
	EndGlobalSection
	GlobalSection(ProjectConfigurationPlatforms) = postSolution
		{FE6EDFDA-FEC8-4F06-A605-6618BF6A1117}.Debug|Any CPU.ActiveCfg = Debug|Any CPU
		{FE6EDFDA-FEC8-4F06-A605-6618BF6A1117}.Debug|Any CPU.Build.0 = Debug|Any CPU
		{FE6EDFDA-FEC8-4F06-A605-6618BF6A1117}.Release|Any CPU.ActiveCfg = Release|Any CPU
		{FE6EDFDA-FEC8-4F06-A605-6618BF6A1117}.Release|Any CPU.Build.0 = Release|Any CPU
		{A1BF215E-2190-4D3B-8A97-FFAC673D9434}.Debug|Any CPU.ActiveCfg = Debug|Any CPU
		{A1BF215E-2190-4D3B-8A97-FFAC673D9434}.Debug|Any CPU.Build.0 = Debug|Any CPU
		{A1BF215E-2190-4D3B-8A97-FFAC673D9434}.Release|Any CPU.ActiveCfg = Release|Any CPU
		{A1BF215E-2190-4D3B-8A97-FFAC673D9434}.Release|Any CPU.Build.0 = Release|Any CPU
		{40BF29AB-2E83-42E5-A149-6BEAEE00451B}.Debug|Any CPU.ActiveCfg = Debug|Any CPU
		{40BF29AB-2E83-42E5-A149-6BEAEE00451B}.Debug|Any CPU.Build.0 = Debug|Any CPU
		{40BF29AB-2E83-42E5-A149-6BEAEE00451B}.Release|Any CPU.ActiveCfg = Release|Any CPU
		{40BF29AB-2E83-42E5-A149-6BEAEE00451B}.Release|Any CPU.Build.0 = Release|Any CPU
		{20E53C20-9D5E-4EFA-8215-90625E466FB3}.Debug|Any CPU.ActiveCfg = Debug|Any CPU
		{20E53C20-9D5E-4EFA-8215-90625E466FB3}.Debug|Any CPU.Build.0 = Debug|Any CPU
		{20E53C20-9D5E-4EFA-8215-90625E466FB3}.Release|Any CPU.ActiveCfg = Release|Any CPU
		{20E53C20-9D5E-4EFA-8215-90625E466FB3}.Release|Any CPU.Build.0 = Release|Any CPU
	EndGlobalSection
	GlobalSection(SolutionProperties) = preSolution
		HideSolutionNode = FALSE
	EndGlobalSection
	GlobalSection(ExtensibilityGlobals) = postSolution
		SolutionGuid = {14ABF51F-E2C9-4452-A968-6C3834AF5DFF}
	EndGlobalSection
EndGlobal
